
Microsoft Visual Studio Solution File, Format Version 12.00
# Visual Studio Version 16
VisualStudioVersion = 16.0.31112.23
MinimumVisualStudioVersion = 10.0.40219.1
Project("{FAE04EC0-301F-11D3-BF4B-00C04F79EFBC}") = "SMSbomber", "SMSbomber\SMSbomber.csproj", "{60F93A1A-2382-4B3C-BDCE-48787D96D379}"
EndProject
Global
	GlobalSection(SolutionConfigurationPlatforms) = preSolution
		Debug|Any CPU = Debug|Any CPU
		Release|Any CPU = Release|Any CPU
	EndGlobalSection
	GlobalSection(ProjectConfigurationPlatforms) = postSolution
		{60F93A1A-2382-4B3C-BDCE-48787D96D379}.Debug|Any CPU.ActiveCfg = Debug|Any CPU
		{60F93A1A-2382-4B3C-BDCE-48787D96D379}.Debug|Any CPU.Build.0 = Debug|Any CPU
		{60F93A1A-2382-4B3C-BDCE-48787D96D379}.Release|Any CPU.ActiveCfg = Release|Any CPU
		{60F93A1A-2382-4B3C-BDCE-48787D96D379}.Release|Any CPU.Build.0 = Release|Any CPU
	EndGlobalSection
	GlobalSection(SolutionProperties) = preSolution
		HideSolutionNode = FALSE
	EndGlobalSection
	GlobalSection(ExtensibilityGlobals) = postSolution
		SolutionGuid = {4902046D-C73E-46D4-9EE0-7564C9F7B045}
	EndGlobalSection
EndGlobal
